
Microsoft Visual Studio Solution File, Format Version 12.00
# Visual Studio Express 15 for Windows Desktop
VisualStudioVersion = 15.0.27703.2047
MinimumVisualStudioVersion = 10.0.40219.1
Project("{FAE04EC0-301F-11D3-BF4B-00C04F79EFBC}") = "MouseSimulator", "MouseSimulator\MouseSimulator.csproj", "{33DFB744-37D3-4371-858C-95D51DB65F8D}"
EndProject
Global
	GlobalSection(SolutionConfigurationPlatforms) = preSolution
		Debug|Any CPU = Debug|Any CPU
		Release|Any CPU = Release|Any CPU
	EndGlobalSection
	GlobalSection(ProjectConfigurationPlatforms) = postSolution
		{33DFB744-37D3-4371-858C-95D51DB65F8D}.Debug|Any CPU.ActiveCfg = Debug|Any CPU
		{33DFB744-37D3-4371-858C-95D51DB65F8D}.Debug|Any CPU.Build.0 = Debug|Any CPU
		{33DFB744-37D3-4371-858C-95D51DB65F8D}.Release|Any CPU.ActiveCfg = Release|Any CPU
		{33DFB744-37D3-4371-858C-95D51DB65F8D}.Release|Any CPU.Build.0 = Release|Any CPU
	EndGlobalSection
	GlobalSection(SolutionProperties) = preSolution
		HideSolutionNode = FALSE
	EndGlobalSection
	GlobalSection(ExtensibilityGlobals) = postSolution
		SolutionGuid = {46426A40-0B6F-4856-8184-A187CBDD1F33}
	EndGlobalSection
EndGlobal
